
Microsoft Visual Studio Solution File, Format Version 11.00
# Visual Studio 2010
Project("{FAE04EC0-301F-11D3-BF4B-00C04F79EFBC}") = "Assembly-CSharp", "Assembly-CSharp.csproj", "{48e996f7-7ac2-dcd0-95d6-e9bbaaae93d1}"
EndProject
Project("{FAE04EC0-301F-11D3-BF4B-00C04F79EFBC}") = "Assembly-CSharp-Editor-firstpass", "Assembly-CSharp-Editor-firstpass.csproj", "{82ccf771-f90a-c68a-9a2e-fb9f60f4cdb4}"
EndProject
Global
	GlobalSection(SolutionConfigurationPlatforms) = preSolution
		Debug|Any CPU = Debug|Any CPU
	EndGlobalSection
	GlobalSection(ProjectConfigurationPlatforms) = postSolution
		{48e996f7-7ac2-dcd0-95d6-e9bbaaae93d1}.Debug|Any CPU.ActiveCfg = Debug|Any CPU
		{48e996f7-7ac2-dcd0-95d6-e9bbaaae93d1}.Debug|Any CPU.Build.0 = Debug|Any CPU
		{82ccf771-f90a-c68a-9a2e-fb9f60f4cdb4}.Debug|Any CPU.ActiveCfg = Debug|Any CPU
		{82ccf771-f90a-c68a-9a2e-fb9f60f4cdb4}.Debug|Any CPU.Build.0 = Debug|Any CPU
	EndGlobalSection
	GlobalSection(SolutionProperties) = preSolution
		HideSolutionNode = FALSE
	EndGlobalSection
EndGlobal
